
Microsoft Visual Studio Solution File, Format Version 12.00
Project("{FAE04EC0-301F-11D3-BF4B-00C04F79EFBC}") = "MusicStore", "MusicStore.csproj", "{534DBC40-AA65-45E6-A499-CF8537E893FE}"
EndProject
Global
	GlobalSection(SolutionConfigurationPlatforms) = preSolution
		Debug|Any CPU = Debug|Any CPU
		Release|Any CPU = Release|Any CPU
	EndGlobalSection
	GlobalSection(ProjectConfigurationPlatforms) = postSolution
		{534DBC40-AA65-45E6-A499-CF8537E893FE}.Debug|Any CPU.ActiveCfg = Debug|Any CPU
		{534DBC40-AA65-45E6-A499-CF8537E893FE}.Debug|Any CPU.Build.0 = Debug|Any CPU
		{534DBC40-AA65-45E6-A499-CF8537E893FE}.Release|Any CPU.ActiveCfg = Release|Any CPU
		{534DBC40-AA65-45E6-A499-CF8537E893FE}.Release|Any CPU.Build.0 = Release|Any CPU
	EndGlobalSection
EndGlobal
